
Microsoft Visual Studio Solution File, Format Version 12.00
# Visual Studio 2013
VisualStudioVersion = 12.0.31101.0
MinimumVisualStudioVersion = 10.0.40219.1
Project("{8BC9CEB8-8B4A-11D0-8D11-00A0C91BC942}") = "CommandPattern", "CommandPattern\CommandPattern\CommandPattern.vcxproj", "{4775A0B9-24D4-4100-B968-DE1BC644D18B}"
EndProject
Project("{2150E333-8FDC-42A3-9474-1A3956D46DE8}") = "CommandPatternExamples", "CommandPatternExamples", "{956F630E-94B9-412D-A1FF-19622C1D86F5}"
EndProject
Project("{8BC9CEB8-8B4A-11D0-8D11-00A0C91BC942}") = "TVControl", "CommandPattern\TVControl\TVControl.vcxproj", "{8CE4D47D-538A-4032-9FBE-BE452FFCB26F}"
EndProject
Project("{8BC9CEB8-8B4A-11D0-8D11-00A0C91BC942}") = "VisitorPattern", "VisitorPattern\VisitorPattern\VisitorPattern.vcxproj", "{FBF4904E-2E8B-4A3F-BE45-8F2268744944}"
EndProject
Project("{8BC9CEB8-8B4A-11D0-8D11-00A0C91BC942}") = "SimpleFactoryPattern", "SimpleFactoryPattern\SimpleFactoryPattern\SimpleFactoryPattern.vcxproj", "{0BBB393A-106B-4B3F-8189-C28EB197AFA0}"
EndProject
Project("{2150E333-8FDC-42A3-9474-1A3956D46DE8}") = "SimpleFactoryPatternExamples", "SimpleFactoryPatternExamples", "{3C076F29-EBEA-47B5-A338-4F412BF7E241}"
EndProject
Project("{8BC9CEB8-8B4A-11D0-8D11-00A0C91BC942}") = "Chart", "SimpleFactoryPattern\Chart\Chart.vcxproj", "{02390496-1495-4BEC-B41E-379140109B34}"
EndProject
Project("{8BC9CEB8-8B4A-11D0-8D11-00A0C91BC942}") = "FactoryMethodPattern", "FactoryMethodPattern\FactoryMethodPattern\FactoryMethodPattern.vcxproj", "{598B01E9-8DC4-4E99-992C-0487BAF96CB3}"
EndProject
Project("{2150E333-8FDC-42A3-9474-1A3956D46DE8}") = "FactoryMethodPatternExamples", "FactoryMethodPatternExamples", "{77125608-7301-4C41-B94E-CB4FD7606731}"
EndProject
Project("{8BC9CEB8-8B4A-11D0-8D11-00A0C91BC942}") = "Loggers", "FactoryMethodPattern\Loggers\Loggers.vcxproj", "{08E45C28-F20A-4E08-A13E-A4F22E764EF7}"
EndProject
Project("{8BC9CEB8-8B4A-11D0-8D11-00A0C91BC942}") = "OverrideLoggers", "FactoryMethodPattern\OverrideLoggers\OverrideLoggers.vcxproj", "{58760BF4-26C0-4D15-9FD6-D61DDD90C826}"
EndProject
Project("{8BC9CEB8-8B4A-11D0-8D11-00A0C91BC942}") = "HideFactoryCreate", "FactoryMethodPattern\HideFactoryCreate\HideFactoryCreate.vcxproj", "{02B64829-FE39-4B4B-856A-6EF52F08012C}"
EndProject
Project("{8BC9CEB8-8B4A-11D0-8D11-00A0C91BC942}") = "AbstractFactoryPattern", "AbstractFactoryPattern\AbstractFactoryPattern\AbstractFactoryPattern.vcxproj", "{90181C92-6C4F-4CC9-B8F5-514F7185E807}"
EndProject
Project("{2150E333-8FDC-42A3-9474-1A3956D46DE8}") = "AbstractFactoryPatternExamples", "AbstractFactoryPatternExamples", "{D2B94805-9DBD-43D0-89B5-38C9B08F1EBD}"
EndProject
Project("{8BC9CEB8-8B4A-11D0-8D11-00A0C91BC942}") = "SkinLibrary", "AbstractFactoryPattern\SkinLibrary\SkinLibrary.vcxproj", "{FDD3ACA5-645A-46C7-A505-F91163A5817F}"
EndProject
Project("{8BC9CEB8-8B4A-11D0-8D11-00A0C91BC942}") = "PrototypePattern", "PrototypePattern\PrototypePattern\PrototypePattern.vcxproj", "{A6D0E21E-987D-43BB-98DB-AB19B369AD91}"
EndProject
Project("{2150E333-8FDC-42A3-9474-1A3956D46DE8}") = "PrototypePatternExamples", "PrototypePatternExamples", "{CD77E3AA-40BB-4B9E-B598-F706DF4F86EF}"
EndProject
Project("{8BC9CEB8-8B4A-11D0-8D11-00A0C91BC942}") = "WeeklyLog", "PrototypePattern\WeeklyLog\WeeklyLog.vcxproj", "{74A90654-9553-4063-895F-19229E4EA0D0}"
EndProject
Project("{8BC9CEB8-8B4A-11D0-8D11-00A0C91BC942}") = "BuilderPattern", "BuilderPattern\BuilderPattern\BuilderPattern.vcxproj", "{C6801832-0A1E-412D-BB41-37089D05E0A1}"
EndProject
Project("{2150E333-8FDC-42A3-9474-1A3956D46DE8}") = "BuilderPatternExamples", "BuilderPatternExamples", "{B59FDDDA-C4A5-4159-8F36-26784B2BE82E}"
EndProject
Project("{8BC9CEB8-8B4A-11D0-8D11-00A0C91BC942}") = "GameActor", "BuilderPattern\GameActor\GameActor.vcxproj", "{4C770915-26CB-460C-9DB3-D36AA2E2FB1B}"
EndProject
Project("{8BC9CEB8-8B4A-11D0-8D11-00A0C91BC942}") = "AdapterPattern", "AdapterPattern\AdapterPattern\AdapterPattern.vcxproj", "{D9B691F8-30BB-4BD9-8B78-35813350DAA4}"
EndProject
Project("{2150E333-8FDC-42A3-9474-1A3956D46DE8}") = "AdapterPatternExamples", "AdapterPatternExamples", "{99FA1806-1EED-473E-B649-EBEE6CAA5D29}"
EndProject
Project("{8BC9CEB8-8B4A-11D0-8D11-00A0C91BC942}") = "AdapterAlgorithm", "AdapterPattern\AdapterAlgorithm\AdapterAlgorithm.vcxproj", "{C507899F-E743-4CA3-BD47-D136FAAD40DF}"
EndProject
Project("{8BC9CEB8-8B4A-11D0-8D11-00A0C91BC942}") = "CompositePattern", "CompositePattern\CompositePattern\CompositePattern.vcxproj", "{97501AB6-30AE-4EC3-A2C6-B3A3C50E88D7}"
EndProject
Project("{2150E333-8FDC-42A3-9474-1A3956D46DE8}") = "CompositePatternExamples", "CompositePatternExamples", "{7E45EB9F-C42B-4210-872B-A4199693661D}"
EndProject
Project("{8BC9CEB8-8B4A-11D0-8D11-00A0C91BC942}") = "AntiVirus", "CompositePattern\AntiVirus\AntiVirus.vcxproj", "{FF9FD756-9598-43B2-A9B7-3840B5C20074}"
EndProject
Project("{8BC9CEB8-8B4A-11D0-8D11-00A0C91BC942}") = "DecoratorPattern", "DecoratorPattern\DecoratorPattern\DecoratorPattern.vcxproj", "{EAD42232-E4A7-4507-8A64-DAF355D10A39}"
EndProject
Project("{2150E333-8FDC-42A3-9474-1A3956D46DE8}") = "DecoratorPatternExamples", "DecoratorPatternExamples", "{F33270CD-FBBB-40A3-A823-8CD78587A3A5}"
EndProject
Project("{8BC9CEB8-8B4A-11D0-8D11-00A0C91BC942}") = "ExtendWindowControl", "DecoratorPattern\ExtendWindowControl\ExtendWindowControl.vcxproj", "{9BF1EE11-EA83-4C7C-9180-3EE9E1E520DA}"
EndProject
Project("{8BC9CEB8-8B4A-11D0-8D11-00A0C91BC942}") = "FlyweightPattern", "FlyweightPattern\FlyweightPattern\FlyweightPattern.vcxproj", "{D037825C-EB6B-40FB-9DDC-422C3F08FC58}"
EndProject
Project("{2150E333-8FDC-42A3-9474-1A3956D46DE8}") = "FlyweightPatternExamples", "FlyweightPatternExamples", "{BE08B115-446A-4BD9-8F52-4E51D6CFEEDB}"
EndProject
Project("{8BC9CEB8-8B4A-11D0-8D11-00A0C91BC942}") = "GameGo", "FlyweightPattern\GameGo\GameGo.vcxproj", "{88744E18-4D98-48D6-A5D7-D32E4BFCF2B1}"
EndProject
Project("{8BC9CEB8-8B4A-11D0-8D11-00A0C91BC942}") = "ProxyPattern", "ProxyPattern\ProxyPattern.vcxproj", "{6ED16149-79C6-4D7C-B338-39D826CCBE17}"
EndProject
Project("{2150E333-8FDC-42A3-9474-1A3956D46DE8}") = "ProxyPatternExamples", "ProxyPatternExamples", "{598A4CFB-E684-43FD-8E8A-D53C0D07A873}"
EndProject
Project("{8BC9CEB8-8B4A-11D0-8D11-00A0C91BC942}") = "RequestQuery", "ProxyPatternExample\RequestQuery\RequestQuery.vcxproj", "{5C29ED98-0F4A-4083-80E0-31CFA6CE72F9}"
EndProject
Project("{8BC9CEB8-8B4A-11D0-8D11-00A0C91BC942}") = "ChainOfResponsibilityPattern", "ChainOfResponsibilityPattern\ChainOfResponsibilityPattern\ChainOfResponsibilityPattern.vcxproj", "{0E88D8A3-C0FA-4B18-B62B-6E2C86F5FAB8}"
EndProject
Project("{2150E333-8FDC-42A3-9474-1A3956D46DE8}") = "ChainOfResponsibilityPatternExamples", "ChainOfResponsibilityPatternExamples", "{638278BA-6B05-45E5-8A30-E5925F0BE219}"
EndProject
Project("{8BC9CEB8-8B4A-11D0-8D11-00A0C91BC942}") = "PurchaseRequest", "ChainOfResponsibilityPattern\PurchaseRequest\PurchaseRequest.vcxproj", "{036A49B9-087B-495F-9599-D60548F0F389}"
EndProject
Project("{8BC9CEB8-8B4A-11D0-8D11-00A0C91BC942}") = "InterpreterPattern", "InterpreterPattern\InterpreterPattern\InterpreterPattern.vcxproj", "{A86B241D-E379-44D4-86BF-FBA16BB91A56}"
EndProject
Project("{2150E333-8FDC-42A3-9474-1A3956D46DE8}") = "InterpreterPatternExamples", "InterpreterPatternExamples", "{26CCDA92-6222-46FD-B4C2-A487926BDBBD}"
EndProject
Project("{8BC9CEB8-8B4A-11D0-8D11-00A0C91BC942}") = "Robot", "InterpreterPattern\Robot\Robot.vcxproj", "{6F3C3B60-3D2D-4DA7-A513-B9CFEEC62A74}"
EndProject
Project("{8BC9CEB8-8B4A-11D0-8D11-00A0C91BC942}") = "IteratorPattern", "IteratorPattern\IteratorPattern\IteratorPattern.vcxproj", "{8AE570AC-BE18-412C-94EA-D1C77CA12921}"
EndProject
Project("{2150E333-8FDC-42A3-9474-1A3956D46DE8}") = "IteratorPatternExamples", "IteratorPatternExamples", "{3F99FEDC-7285-4F43-978E-40FFDC3AEB54}"
EndProject
Project("{8BC9CEB8-8B4A-11D0-8D11-00A0C91BC942}") = "ProductIterator", "IteratorPattern\ProductIterator\ProductIterator.vcxproj", "{8DDD7446-767F-4FE3-8314-09C6B0E2C775}"
EndProject
Project("{8BC9CEB8-8B4A-11D0-8D11-00A0C91BC942}") = "MediatorPattern", "MediatorPattern\MediatorPattern\MediatorPattern.vcxproj", "{C79BC726-23E1-4DD5-9E38-3E8E14F90A67}"
EndProject
Project("{2150E333-8FDC-42A3-9474-1A3956D46DE8}") = "MediatorPatternExamples", "MediatorPatternExamples", "{B7A47936-CB74-43C5-9792-5424A35F36C5}"
EndProject
Project("{8BC9CEB8-8B4A-11D0-8D11-00A0C91BC942}") = "ClientManager", "MediatorPattern\ClientManager\ClientManager.vcxproj", "{9C609CC3-3CCA-4CCA-8715-5E1E665E057D}"
EndProject
Global
	GlobalSection(SolutionConfigurationPlatforms) = preSolution
		Debug|Mixed Platforms = Debug|Mixed Platforms
		Debug|Win32 = Debug|Win32
		Debug|x64 = Debug|x64
		Debug|x86 = Debug|x86
		Release|Mixed Platforms = Release|Mixed Platforms
		Release|Win32 = Release|Win32
		Release|x64 = Release|x64
		Release|x86 = Release|x86
	EndGlobalSection
	GlobalSection(ProjectConfigurationPlatforms) = postSolution
		{4775A0B9-24D4-4100-B968-DE1BC644D18B}.Debug|Mixed Platforms.ActiveCfg = Debug|Win32
		{4775A0B9-24D4-4100-B968-DE1BC644D18B}.Debug|Mixed Platforms.Build.0 = Debug|Win32
		{4775A0B9-24D4-4100-B968-DE1BC644D18B}.Debug|Win32.ActiveCfg = Debug|Win32
		{4775A0B9-24D4-4100-B968-DE1BC644D18B}.Debug|Win32.Build.0 = Debug|Win32
		{4775A0B9-24D4-4100-B968-DE1BC644D18B}.Debug|x64.ActiveCfg = Debug|x64
		{4775A0B9-24D4-4100-B968-DE1BC644D18B}.Debug|x64.Build.0 = Debug|x64
		{4775A0B9-24D4-4100-B968-DE1BC644D18B}.Debug|x86.ActiveCfg = Debug|Win32
		{4775A0B9-24D4-4100-B968-DE1BC644D18B}.Debug|x86.Build.0 = Debug|Win32
		{4775A0B9-24D4-4100-B968-DE1BC644D18B}.Release|Mixed Platforms.ActiveCfg = Release|Win32
		{4775A0B9-24D4-4100-B968-DE1BC644D18B}.Release|Mixed Platforms.Build.0 = Release|Win32
		{4775A0B9-24D4-4100-B968-DE1BC644D18B}.Release|Win32.ActiveCfg = Release|Win32
		{4775A0B9-24D4-4100-B968-DE1BC644D18B}.Release|Win32.Build.0 = Release|Win32
		{4775A0B9-24D4-4100-B968-DE1BC644D18B}.Release|x64.ActiveCfg = Release|x64
		{4775A0B9-24D4-4100-B968-DE1BC644D18B}.Release|x64.Build.0 = Release|x64
		{4775A0B9-24D4-4100-B968-DE1BC644D18B}.Release|x86.ActiveCfg = Release|Win32
		{4775A0B9-24D4-4100-B968-DE1BC644D18B}.Release|x86.Build.0 = Release|Win32
		{8CE4D47D-538A-4032-9FBE-BE452FFCB26F}.Debug|Mixed Platforms.ActiveCfg = Debug|Win32
		{8CE4D47D-538A-4032-9FBE-BE452FFCB26F}.Debug|Mixed Platforms.Build.0 = Debug|Win32
		{8CE4D47D-538A-4032-9FBE-BE452FFCB26F}.Debug|Win32.ActiveCfg = Debug|Win32
		{8CE4D47D-538A-4032-9FBE-BE452FFCB26F}.Debug|Win32.Build.0 = Debug|Win32
		{8CE4D47D-538A-4032-9FBE-BE452FFCB26F}.Debug|x64.ActiveCfg = Debug|x64
		{8CE4D47D-538A-4032-9FBE-BE452FFCB26F}.Debug|x64.Build.0 = Debug|x64
		{8CE4D47D-538A-4032-9FBE-BE452FFCB26F}.Debug|x86.ActiveCfg = Debug|Win32
		{8CE4D47D-538A-4032-9FBE-BE452FFCB26F}.Debug|x86.Build.0 = Debug|Win32
		{8CE4D47D-538A-4032-9FBE-BE452FFCB26F}.Release|Mixed Platforms.ActiveCfg = Release|Win32
		{8CE4D47D-538A-4032-9FBE-BE452FFCB26F}.Release|Mixed Platforms.Build.0 = Release|Win32
		{8CE4D47D-538A-4032-9FBE-BE452FFCB26F}.Release|Win32.ActiveCfg = Release|Win32
		{8CE4D47D-538A-4032-9FBE-BE452FFCB26F}.Release|Win32.Build.0 = Release|Win32
		{8CE4D47D-538A-4032-9FBE-BE452FFCB26F}.Release|x64.ActiveCfg = Release|x64
		{8CE4D47D-538A-4032-9FBE-BE452FFCB26F}.Release|x64.Build.0 = Release|x64
		{8CE4D47D-538A-4032-9FBE-BE452FFCB26F}.Release|x86.ActiveCfg = Release|Win32
		{8CE4D47D-538A-4032-9FBE-BE452FFCB26F}.Release|x86.Build.0 = Release|Win32
		{FBF4904E-2E8B-4A3F-BE45-8F2268744944}.Debug|Mixed Platforms.ActiveCfg = Debug|Win32
		{FBF4904E-2E8B-4A3F-BE45-8F2268744944}.Debug|Mixed Platforms.Build.0 = Debug|Win32
		{FBF4904E-2E8B-4A3F-BE45-8F2268744944}.Debug|Win32.ActiveCfg = Debug|Win32
		{FBF4904E-2E8B-4A3F-BE45-8F2268744944}.Debug|Win32.Build.0 = Debug|Win32
		{FBF4904E-2E8B-4A3F-BE45-8F2268744944}.Debug|x64.ActiveCfg = Debug|x64
		{FBF4904E-2E8B-4A3F-BE45-8F2268744944}.Debug|x64.Build.0 = Debug|x64
		{FBF4904E-2E8B-4A3F-BE45-8F2268744944}.Debug|x86.ActiveCfg = Debug|Win32
		{FBF4904E-2E8B-4A3F-BE45-8F2268744944}.Debug|x86.Build.0 = Debug|Win32
		{FBF4904E-2E8B-4A3F-BE45-8F2268744944}.Release|Mixed Platforms.ActiveCfg = Release|Win32
		{FBF4904E-2E8B-4A3F-BE45-8F2268744944}.Release|Mixed Platforms.Build.0 = Release|Win32
		{FBF4904E-2E8B-4A3F-BE45-8F2268744944}.Release|Win32.ActiveCfg = Release|Win32
		{FBF4904E-2E8B-4A3F-BE45-8F2268744944}.Release|Win32.Build.0 = Release|Win32
		{FBF4904E-2E8B-4A3F-BE45-8F2268744944}.Release|x64.ActiveCfg = Release|x64
		{FBF4904E-2E8B-4A3F-BE45-8F2268744944}.Release|x64.Build.0 = Release|x64
		{FBF4904E-2E8B-4A3F-BE45-8F2268744944}.Release|x86.ActiveCfg = Release|Win32
		{FBF4904E-2E8B-4A3F-BE45-8F2268744944}.Release|x86.Build.0 = Release|Win32
		{0BBB393A-106B-4B3F-8189-C28EB197AFA0}.Debug|Mixed Platforms.ActiveCfg = Debug|Win32
		{0BBB393A-106B-4B3F-8189-C28EB197AFA0}.Debug|Mixed Platforms.Build.0 = Debug|Win32
		{0BBB393A-106B-4B3F-8189-C28EB197AFA0}.Debug|Win32.ActiveCfg = Debug|Win32
		{0BBB393A-106B-4B3F-8189-C28EB197AFA0}.Debug|Win32.Build.0 = Debug|Win32
		{0BBB393A-106B-4B3F-8189-C28EB197AFA0}.Debug|x64.ActiveCfg = Debug|x64
		{0BBB393A-106B-4B3F-8189-C28EB197AFA0}.Debug|x64.Build.0 = Debug|x64
		{0BBB393A-106B-4B3F-8189-C28EB197AFA0}.Debug|x86.ActiveCfg = Debug|Win32
		{0BBB393A-106B-4B3F-8189-C28EB197AFA0}.Debug|x86.Build.0 = Debug|Win32
		{0BBB393A-106B-4B3F-8189-C28EB197AFA0}.Release|Mixed Platforms.ActiveCfg = Release|Win32
		{0BBB393A-106B-4B3F-8189-C28EB197AFA0}.Release|Mixed Platforms.Build.0 = Release|Win32
		{0BBB393A-106B-4B3F-8189-C28EB197AFA0}.Release|Win32.ActiveCfg = Release|Win32
		{0BBB393A-106B-4B3F-8189-C28EB197AFA0}.Release|Win32.Build.0 = Release|Win32
		{0BBB393A-106B-4B3F-8189-C28EB197AFA0}.Release|x64.ActiveCfg = Release|x64
		{0BBB393A-106B-4B3F-8189-C28EB197AFA0}.Release|x64.Build.0 = Release|x64
		{0BBB393A-106B-4B3F-8189-C28EB197AFA0}.Release|x86.ActiveCfg = Release|Win32
		{0BBB393A-106B-4B3F-8189-C28EB197AFA0}.Release|x86.Build.0 = Release|Win32
		{02390496-1495-4BEC-B41E-379140109B34}.Debug|Mixed Platforms.ActiveCfg = Debug|Win32
		{02390496-1495-4BEC-B41E-379140109B34}.Debug|Mixed Platforms.Build.0 = Debug|Win32
		{02390496-1495-4BEC-B41E-379140109B34}.Debug|Win32.ActiveCfg = Debug|Win32
		{02390496-1495-4BEC-B41E-379140109B34}.Debug|Win32.Build.0 = Debug|Win32
		{02390496-1495-4BEC-B41E-379140109B34}.Debug|x64.ActiveCfg = Debug|x64
		{02390496-1495-4BEC-B41E-379140109B34}.Debug|x64.Build.0 = Debug|x64
		{02390496-1495-4BEC-B41E-379140109B34}.Debug|x86.ActiveCfg = Debug|Win32
		{02390496-1495-4BEC-B41E-379140109B34}.Debug|x86.Build.0 = Debug|Win32
		{02390496-1495-4BEC-B41E-379140109B34}.Release|Mixed Platforms.ActiveCfg = Release|Win32
		{02390496-1495-4BEC-B41E-379140109B34}.Release|Mixed Platforms.Build.0 = Release|Win32
		{02390496-1495-4BEC-B41E-379140109B34}.Release|Win32.ActiveCfg = Release|Win32
		{02390496-1495-4BEC-B41E-379140109B34}.Release|Win32.Build.0 = Release|Win32
		{02390496-1495-4BEC-B41E-379140109B34}.Release|x64.ActiveCfg = Release|x64
		{02390496-1495-4BEC-B41E-379140109B34}.Release|x64.Build.0 = Release|x64
		{02390496-1495-4BEC-B41E-379140109B34}.Release|x86.ActiveCfg = Release|Win32
		{02390496-1495-4BEC-B41E-379140109B34}.Release|x86.Build.0 = Release|Win32
		{598B01E9-8DC4-4E99-992C-0487BAF96CB3}.Debug|Mixed Platforms.ActiveCfg = Debug|Win32
		{598B01E9-8DC4-4E99-992C-0487BAF96CB3}.Debug|Mixed Platforms.Build.0 = Debug|Win32
		{598B01E9-8DC4-4E99-992C-0487BAF96CB3}.Debug|Win32.ActiveCfg = Debug|Win32
		{598B01E9-8DC4-4E99-992C-0487BAF96CB3}.Debug|Win32.Build.0 = Debug|Win32
		{598B01E9-8DC4-4E99-992C-0487BAF96CB3}.Debug|x64.ActiveCfg = Debug|x64
		{598B01E9-8DC4-4E99-992C-0487BAF96CB3}.Debug|x64.Build.0 = Debug|x64
		{598B01E9-8DC4-4E99-992C-0487BAF96CB3}.Debug|x86.ActiveCfg = Debug|Win32
		{598B01E9-8DC4-4E99-992C-0487BAF96CB3}.Debug|x86.Build.0 = Debug|Win32
		{598B01E9-8DC4-4E99-992C-0487BAF96CB3}.Release|Mixed Platforms.ActiveCfg = Release|Win32
		{598B01E9-8DC4-4E99-992C-0487BAF96CB3}.Release|Mixed Platforms.Build.0 = Release|Win32
		{598B01E9-8DC4-4E99-992C-0487BAF96CB3}.Release|Win32.ActiveCfg = Release|Win32
		{598B01E9-8DC4-4E99-992C-0487BAF96CB3}.Release|Win32.Build.0 = Release|Win32
		{598B01E9-8DC4-4E99-992C-0487BAF96CB3}.Release|x64.ActiveCfg = Release|x64
		{598B01E9-8DC4-4E99-992C-0487BAF96CB3}.Release|x64.Build.0 = Release|x64
		{598B01E9-8DC4-4E99-992C-0487BAF96CB3}.Release|x86.ActiveCfg = Release|Win32
		{598B01E9-8DC4-4E99-992C-0487BAF96CB3}.Release|x86.Build.0 = Release|Win32
		{08E45C28-F20A-4E08-A13E-A4F22E764EF7}.Debug|Mixed Platforms.ActiveCfg = Debug|Win32
		{08E45C28-F20A-4E08-A13E-A4F22E764EF7}.Debug|Mixed Platforms.Build.0 = Debug|Win32
		{08E45C28-F20A-4E08-A13E-A4F22E764EF7}.Debug|Win32.ActiveCfg = Debug|Win32
		{08E45C28-F20A-4E08-A13E-A4F22E764EF7}.Debug|Win32.Build.0 = Debug|Win32
		{08E45C28-F20A-4E08-A13E-A4F22E764EF7}.Debug|x64.ActiveCfg = Debug|x64
		{08E45C28-F20A-4E08-A13E-A4F22E764EF7}.Debug|x64.Build.0 = Debug|x64
		{08E45C28-F20A-4E08-A13E-A4F22E764EF7}.Debug|x86.ActiveCfg = Debug|Win32
		{08E45C28-F20A-4E08-A13E-A4F22E764EF7}.Debug|x86.Build.0 = Debug|Win32
		{08E45C28-F20A-4E08-A13E-A4F22E764EF7}.Release|Mixed Platforms.ActiveCfg = Release|Win32
		{08E45C28-F20A-4E08-A13E-A4F22E764EF7}.Release|Mixed Platforms.Build.0 = Release|Win32
		{08E45C28-F20A-4E08-A13E-A4F22E764EF7}.Release|Win32.ActiveCfg = Release|Win32
		{08E45C28-F20A-4E08-A13E-A4F22E764EF7}.Release|Win32.Build.0 = Release|Win32
		{08E45C28-F20A-4E08-A13E-A4F22E764EF7}.Release|x64.ActiveCfg = Release|x64
		{08E45C28-F20A-4E08-A13E-A4F22E764EF7}.Release|x64.Build.0 = Release|x64
		{08E45C28-F20A-4E08-A13E-A4F22E764EF7}.Release|x86.ActiveCfg = Release|Win32
		{08E45C28-F20A-4E08-A13E-A4F22E764EF7}.Release|x86.Build.0 = Release|Win32
		{58760BF4-26C0-4D15-9FD6-D61DDD90C826}.Debug|Mixed Platforms.ActiveCfg = Debug|Win32
		{58760BF4-26C0-4D15-9FD6-D61DDD90C826}.Debug|Mixed Platforms.Build.0 = Debug|Win32
		{58760BF4-26C0-4D15-9FD6-D61DDD90C826}.Debug|Win32.ActiveCfg = Debug|Win32
		{58760BF4-26C0-4D15-9FD6-D61DDD90C826}.Debug|Win32.Build.0 = Debug|Win32
		{58760BF4-26C0-4D15-9FD6-D61DDD90C826}.Debug|x64.ActiveCfg = Debug|Win32
		{58760BF4-26C0-4D15-9FD6-D61DDD90C826}.Debug|x86.ActiveCfg = Debug|Win32
		{58760BF4-26C0-4D15-9FD6-D61DDD90C826}.Debug|x86.Build.0 = Debug|Win32
		{58760BF4-26C0-4D15-9FD6-D61DDD90C826}.Release|Mixed Platforms.ActiveCfg = Release|Win32
		{58760BF4-26C0-4D15-9FD6-D61DDD90C826}.Release|Mixed Platforms.Build.0 = Release|Win32
		{58760BF4-26C0-4D15-9FD6-D61DDD90C826}.Release|Win32.ActiveCfg = Release|Win32
		{58760BF4-26C0-4D15-9FD6-D61DDD90C826}.Release|Win32.Build.0 = Release|Win32
		{58760BF4-26C0-4D15-9FD6-D61DDD90C826}.Release|x64.ActiveCfg = Release|Win32
		{58760BF4-26C0-4D15-9FD6-D61DDD90C826}.Release|x86.ActiveCfg = Release|Win32
		{58760BF4-26C0-4D15-9FD6-D61DDD90C826}.Release|x86.Build.0 = Release|Win32
		{02B64829-FE39-4B4B-856A-6EF52F08012C}.Debug|Mixed Platforms.ActiveCfg = Debug|Win32
		{02B64829-FE39-4B4B-856A-6EF52F08012C}.Debug|Mixed Platforms.Build.0 = Debug|Win32
		{02B64829-FE39-4B4B-856A-6EF52F08012C}.Debug|Win32.ActiveCfg = Debug|Win32
		{02B64829-FE39-4B4B-856A-6EF52F08012C}.Debug|Win32.Build.0 = Debug|Win32
		{02B64829-FE39-4B4B-856A-6EF52F08012C}.Debug|x64.ActiveCfg = Debug|Win32
		{02B64829-FE39-4B4B-856A-6EF52F08012C}.Debug|x86.ActiveCfg = Debug|Win32
		{02B64829-FE39-4B4B-856A-6EF52F08012C}.Debug|x86.Build.0 = Debug|Win32
		{02B64829-FE39-4B4B-856A-6EF52F08012C}.Release|Mixed Platforms.ActiveCfg = Release|Win32
		{02B64829-FE39-4B4B-856A-6EF52F08012C}.Release|Mixed Platforms.Build.0 = Release|Win32
		{02B64829-FE39-4B4B-856A-6EF52F08012C}.Release|Win32.ActiveCfg = Release|Win32
		{02B64829-FE39-4B4B-856A-6EF52F08012C}.Release|Win32.Build.0 = Release|Win32
		{02B64829-FE39-4B4B-856A-6EF52F08012C}.Release|x64.ActiveCfg = Release|Win32
		{02B64829-FE39-4B4B-856A-6EF52F08012C}.Release|x86.ActiveCfg = Release|Win32
		{02B64829-FE39-4B4B-856A-6EF52F08012C}.Release|x86.Build.0 = Release|Win32
		{90181C92-6C4F-4CC9-B8F5-514F7185E807}.Debug|Mixed Platforms.ActiveCfg = Debug|Win32
		{90181C92-6C4F-4CC9-B8F5-514F7185E807}.Debug|Mixed Platforms.Build.0 = Debug|Win32
		{90181C92-6C4F-4CC9-B8F5-514F7185E807}.Debug|Win32.ActiveCfg = Debug|Win32
		{90181C92-6C4F-4CC9-B8F5-514F7185E807}.Debug|Win32.Build.0 = Debug|Win32
		{90181C92-6C4F-4CC9-B8F5-514F7185E807}.Debug|x64.ActiveCfg = Debug|Win32
		{90181C92-6C4F-4CC9-B8F5-514F7185E807}.Debug|x86.ActiveCfg = Debug|Win32
		{90181C92-6C4F-4CC9-B8F5-514F7185E807}.Debug|x86.Build.0 = Debug|Win32
		{90181C92-6C4F-4CC9-B8F5-514F7185E807}.Release|Mixed Platforms.ActiveCfg = Release|Win32
		{90181C92-6C4F-4CC9-B8F5-514F7185E807}.Release|Mixed Platforms.Build.0 = Release|Win32
		{90181C92-6C4F-4CC9-B8F5-514F7185E807}.Release|Win32.ActiveCfg = Release|Win32
		{90181C92-6C4F-4CC9-B8F5-514F7185E807}.Release|Win32.Build.0 = Release|Win32
		{90181C92-6C4F-4CC9-B8F5-514F7185E807}.Release|x64.ActiveCfg = Release|Win32
		{90181C92-6C4F-4CC9-B8F5-514F7185E807}.Release|x86.ActiveCfg = Release|Win32
		{90181C92-6C4F-4CC9-B8F5-514F7185E807}.Release|x86.Build.0 = Release|Win32
		{FDD3ACA5-645A-46C7-A505-F91163A5817F}.Debug|Mixed Platforms.ActiveCfg = Debug|Win32
		{FDD3ACA5-645A-46C7-A505-F91163A5817F}.Debug|Mixed Platforms.Build.0 = Debug|Win32
		{FDD3ACA5-645A-46C7-A505-F91163A5817F}.Debug|Win32.ActiveCfg = Debug|Win32
		{FDD3ACA5-645A-46C7-A505-F91163A5817F}.Debug|Win32.Build.0 = Debug|Win32
		{FDD3ACA5-645A-46C7-A505-F91163A5817F}.Debug|x64.ActiveCfg = Debug|Win32
		{FDD3ACA5-645A-46C7-A505-F91163A5817F}.Debug|x86.ActiveCfg = Debug|Win32
		{FDD3ACA5-645A-46C7-A505-F91163A5817F}.Debug|x86.Build.0 = Debug|Win32
		{FDD3ACA5-645A-46C7-A505-F91163A5817F}.Release|Mixed Platforms.ActiveCfg = Release|Win32
		{FDD3ACA5-645A-46C7-A505-F91163A5817F}.Release|Mixed Platforms.Build.0 = Release|Win32
		{FDD3ACA5-645A-46C7-A505-F91163A5817F}.Release|Win32.ActiveCfg = Release|Win32
		{FDD3ACA5-645A-46C7-A505-F91163A5817F}.Release|Win32.Build.0 = Release|Win32
		{FDD3ACA5-645A-46C7-A505-F91163A5817F}.Release|x64.ActiveCfg = Release|Win32
		{FDD3ACA5-645A-46C7-A505-F91163A5817F}.Release|x86.ActiveCfg = Release|Win32
		{FDD3ACA5-645A-46C7-A505-F91163A5817F}.Release|x86.Build.0 = Release|Win32
		{A6D0E21E-987D-43BB-98DB-AB19B369AD91}.Debug|Mixed Platforms.ActiveCfg = Debug|Win32
		{A6D0E21E-987D-43BB-98DB-AB19B369AD91}.Debug|Mixed Platforms.Build.0 = Debug|Win32
		{A6D0E21E-987D-43BB-98DB-AB19B369AD91}.Debug|Win32.ActiveCfg = Debug|Win32
		{A6D0E21E-987D-43BB-98DB-AB19B369AD91}.Debug|Win32.Build.0 = Debug|Win32
		{A6D0E21E-987D-43BB-98DB-AB19B369AD91}.Debug|x64.ActiveCfg = Debug|Win32
		{A6D0E21E-987D-43BB-98DB-AB19B369AD91}.Debug|x86.ActiveCfg = Debug|Win32
		{A6D0E21E-987D-43BB-98DB-AB19B369AD91}.Debug|x86.Build.0 = Debug|Win32
		{A6D0E21E-987D-43BB-98DB-AB19B369AD91}.Release|Mixed Platforms.ActiveCfg = Release|Win32
		{A6D0E21E-987D-43BB-98DB-AB19B369AD91}.Release|Mixed Platforms.Build.0 = Release|Win32
		{A6D0E21E-987D-43BB-98DB-AB19B369AD91}.Release|Win32.ActiveCfg = Release|Win32
		{A6D0E21E-987D-43BB-98DB-AB19B369AD91}.Release|Win32.Build.0 = Release|Win32
		{A6D0E21E-987D-43BB-98DB-AB19B369AD91}.Release|x64.ActiveCfg = Release|Win32
		{A6D0E21E-987D-43BB-98DB-AB19B369AD91}.Release|x86.ActiveCfg = Release|Win32
		{A6D0E21E-987D-43BB-98DB-AB19B369AD91}.Release|x86.Build.0 = Release|Win32
		{74A90654-9553-4063-895F-19229E4EA0D0}.Debug|Mixed Platforms.ActiveCfg = Debug|Win32
		{74A90654-9553-4063-895F-19229E4EA0D0}.Debug|Mixed Platforms.Build.0 = Debug|Win32
		{74A90654-9553-4063-895F-19229E4EA0D0}.Debug|Win32.ActiveCfg = Debug|Win32
		{74A90654-9553-4063-895F-19229E4EA0D0}.Debug|Win32.Build.0 = Debug|Win32
		{74A90654-9553-4063-895F-19229E4EA0D0}.Debug|x64.ActiveCfg = Debug|Win32
		{74A90654-9553-4063-895F-19229E4EA0D0}.Debug|x86.ActiveCfg = Debug|Win32
		{74A90654-9553-4063-895F-19229E4EA0D0}.Debug|x86.Build.0 = Debug|Win32
		{74A90654-9553-4063-895F-19229E4EA0D0}.Release|Mixed Platforms.ActiveCfg = Release|Win32
		{74A90654-9553-4063-895F-19229E4EA0D0}.Release|Mixed Platforms.Build.0 = Release|Win32
		{74A90654-9553-4063-895F-19229E4EA0D0}.Release|Win32.ActiveCfg = Release|Win32
		{74A90654-9553-4063-895F-19229E4EA0D0}.Release|Win32.Build.0 = Release|Win32
		{74A90654-9553-4063-895F-19229E4EA0D0}.Release|x64.ActiveCfg = Release|Win32
		{74A90654-9553-4063-895F-19229E4EA0D0}.Release|x86.ActiveCfg = Release|Win32
		{74A90654-9553-4063-895F-19229E4EA0D0}.Release|x86.Build.0 = Release|Win32
		{C6801832-0A1E-412D-BB41-37089D05E0A1}.Debug|Mixed Platforms.ActiveCfg = Debug|Win32
		{C6801832-0A1E-412D-BB41-37089D05E0A1}.Debug|Mixed Platforms.Build.0 = Debug|Win32
		{C6801832-0A1E-412D-BB41-37089D05E0A1}.Debug|Win32.ActiveCfg = Debug|Win32
		{C6801832-0A1E-412D-BB41-37089D05E0A1}.Debug|Win32.Build.0 = Debug|Win32
		{C6801832-0A1E-412D-BB41-37089D05E0A1}.Debug|x64.ActiveCfg = Debug|Win32
		{C6801832-0A1E-412D-BB41-37089D05E0A1}.Debug|x86.ActiveCfg = Debug|Win32
		{C6801832-0A1E-412D-BB41-37089D05E0A1}.Debug|x86.Build.0 = Debug|Win32
		{C6801832-0A1E-412D-BB41-37089D05E0A1}.Release|Mixed Platforms.ActiveCfg = Release|Win32
		{C6801832-0A1E-412D-BB41-37089D05E0A1}.Release|Mixed Platforms.Build.0 = Release|Win32
		{C6801832-0A1E-412D-BB41-37089D05E0A1}.Release|Win32.ActiveCfg = Release|Win32
		{C6801832-0A1E-412D-BB41-37089D05E0A1}.Release|Win32.Build.0 = Release|Win32
		{C6801832-0A1E-412D-BB41-37089D05E0A1}.Release|x64.ActiveCfg = Release|Win32
		{C6801832-0A1E-412D-BB41-37089D05E0A1}.Release|x86.ActiveCfg = Release|Win32
		{C6801832-0A1E-412D-BB41-37089D05E0A1}.Release|x86.Build.0 = Release|Win32
		{4C770915-26CB-460C-9DB3-D36AA2E2FB1B}.Debug|Mixed Platforms.ActiveCfg = Debug|Win32
		{4C770915-26CB-460C-9DB3-D36AA2E2FB1B}.Debug|Mixed Platforms.Build.0 = Debug|Win32
		{4C770915-26CB-460C-9DB3-D36AA2E2FB1B}.Debug|Win32.ActiveCfg = Debug|Win32
		{4C770915-26CB-460C-9DB3-D36AA2E2FB1B}.Debug|Win32.Build.0 = Debug|Win32
		{4C770915-26CB-460C-9DB3-D36AA2E2FB1B}.Debug|x64.ActiveCfg = Debug|Win32
		{4C770915-26CB-460C-9DB3-D36AA2E2FB1B}.Debug|x86.ActiveCfg = Debug|Win32
		{4C770915-26CB-460C-9DB3-D36AA2E2FB1B}.Debug|x86.Build.0 = Debug|Win32
		{4C770915-26CB-460C-9DB3-D36AA2E2FB1B}.Release|Mixed Platforms.ActiveCfg = Release|Win32
		{4C770915-26CB-460C-9DB3-D36AA2E2FB1B}.Release|Mixed Platforms.Build.0 = Release|Win32
		{4C770915-26CB-460C-9DB3-D36AA2E2FB1B}.Release|Win32.ActiveCfg = Release|Win32
		{4C770915-26CB-460C-9DB3-D36AA2E2FB1B}.Release|Win32.Build.0 = Release|Win32
		{4C770915-26CB-460C-9DB3-D36AA2E2FB1B}.Release|x64.ActiveCfg = Release|Win32
		{4C770915-26CB-460C-9DB3-D36AA2E2FB1B}.Release|x86.ActiveCfg = Release|Win32
		{4C770915-26CB-460C-9DB3-D36AA2E2FB1B}.Release|x86.Build.0 = Release|Win32
		{D9B691F8-30BB-4BD9-8B78-35813350DAA4}.Debug|Mixed Platforms.ActiveCfg = Debug|Win32
		{D9B691F8-30BB-4BD9-8B78-35813350DAA4}.Debug|Mixed Platforms.Build.0 = Debug|Win32
		{D9B691F8-30BB-4BD9-8B78-35813350DAA4}.Debug|Win32.ActiveCfg = Debug|Win32
		{D9B691F8-30BB-4BD9-8B78-35813350DAA4}.Debug|Win32.Build.0 = Debug|Win32
		{D9B691F8-30BB-4BD9-8B78-35813350DAA4}.Debug|x64.ActiveCfg = Debug|Win32
		{D9B691F8-30BB-4BD9-8B78-35813350DAA4}.Debug|x86.ActiveCfg = Debug|Win32
		{D9B691F8-30BB-4BD9-8B78-35813350DAA4}.Debug|x86.Build.0 = Debug|Win32
		{D9B691F8-30BB-4BD9-8B78-35813350DAA4}.Release|Mixed Platforms.ActiveCfg = Release|Win32
		{D9B691F8-30BB-4BD9-8B78-35813350DAA4}.Release|Mixed Platforms.Build.0 = Release|Win32
		{D9B691F8-30BB-4BD9-8B78-35813350DAA4}.Release|Win32.ActiveCfg = Release|Win32
		{D9B691F8-30BB-4BD9-8B78-35813350DAA4}.Release|Win32.Build.0 = Release|Win32
		{D9B691F8-30BB-4BD9-8B78-35813350DAA4}.Release|x64.ActiveCfg = Release|Win32
		{D9B691F8-30BB-4BD9-8B78-35813350DAA4}.Release|x86.ActiveCfg = Release|Win32
		{D9B691F8-30BB-4BD9-8B78-35813350DAA4}.Release|x86.Build.0 = Release|Win32
		{C507899F-E743-4CA3-BD47-D136FAAD40DF}.Debug|Mixed Platforms.ActiveCfg = Debug|Win32
		{C507899F-E743-4CA3-BD47-D136FAAD40DF}.Debug|Mixed Platforms.Build.0 = Debug|Win32
		{C507899F-E743-4CA3-BD47-D136FAAD40DF}.Debug|Win32.ActiveCfg = Debug|Win32
		{C507899F-E743-4CA3-BD47-D136FAAD40DF}.Debug|Win32.Build.0 = Debug|Win32
		{C507899F-E743-4CA3-BD47-D136FAAD40DF}.Debug|x64.ActiveCfg = Debug|Win32
		{C507899F-E743-4CA3-BD47-D136FAAD40DF}.Debug|x86.ActiveCfg = Debug|Win32
		{C507899F-E743-4CA3-BD47-D136FAAD40DF}.Debug|x86.Build.0 = Debug|Win32
		{C507899F-E743-4CA3-BD47-D136FAAD40DF}.Release|Mixed Platforms.ActiveCfg = Release|Win32
		{C507899F-E743-4CA3-BD47-D136FAAD40DF}.Release|Mixed Platforms.Build.0 = Release|Win32
		{C507899F-E743-4CA3-BD47-D136FAAD40DF}.Release|Win32.ActiveCfg = Release|Win32
		{C507899F-E743-4CA3-BD47-D136FAAD40DF}.Release|Win32.Build.0 = Release|Win32
		{C507899F-E743-4CA3-BD47-D136FAAD40DF}.Release|x64.ActiveCfg = Release|Win32
		{C507899F-E743-4CA3-BD47-D136FAAD40DF}.Release|x86.ActiveCfg = Release|Win32
		{C507899F-E743-4CA3-BD47-D136FAAD40DF}.Release|x86.Build.0 = Release|Win32
		{97501AB6-30AE-4EC3-A2C6-B3A3C50E88D7}.Debug|Mixed Platforms.ActiveCfg = Debug|Win32
		{97501AB6-30AE-4EC3-A2C6-B3A3C50E88D7}.Debug|Mixed Platforms.Build.0 = Debug|Win32
		{97501AB6-30AE-4EC3-A2C6-B3A3C50E88D7}.Debug|Win32.ActiveCfg = Debug|Win32
		{97501AB6-30AE-4EC3-A2C6-B3A3C50E88D7}.Debug|Win32.Build.0 = Debug|Win32
		{97501AB6-30AE-4EC3-A2C6-B3A3C50E88D7}.Debug|x64.ActiveCfg = Debug|Win32
		{97501AB6-30AE-4EC3-A2C6-B3A3C50E88D7}.Debug|x86.ActiveCfg = Debug|Win32
		{97501AB6-30AE-4EC3-A2C6-B3A3C50E88D7}.Debug|x86.Build.0 = Debug|Win32
		{97501AB6-30AE-4EC3-A2C6-B3A3C50E88D7}.Release|Mixed Platforms.ActiveCfg = Release|Win32
		{97501AB6-30AE-4EC3-A2C6-B3A3C50E88D7}.Release|Mixed Platforms.Build.0 = Release|Win32
		{97501AB6-30AE-4EC3-A2C6-B3A3C50E88D7}.Release|Win32.ActiveCfg = Release|Win32
		{97501AB6-30AE-4EC3-A2C6-B3A3C50E88D7}.Release|Win32.Build.0 = Release|Win32
		{97501AB6-30AE-4EC3-A2C6-B3A3C50E88D7}.Release|x64.ActiveCfg = Release|Win32
		{97501AB6-30AE-4EC3-A2C6-B3A3C50E88D7}.Release|x86.ActiveCfg = Release|Win32
		{97501AB6-30AE-4EC3-A2C6-B3A3C50E88D7}.Release|x86.Build.0 = Release|Win32
		{FF9FD756-9598-43B2-A9B7-3840B5C20074}.Debug|Mixed Platforms.ActiveCfg = Debug|Win32
		{FF9FD756-9598-43B2-A9B7-3840B5C20074}.Debug|Mixed Platforms.Build.0 = Debug|Win32
		{FF9FD756-9598-43B2-A9B7-3840B5C20074}.Debug|Win32.ActiveCfg = Debug|Win32
		{FF9FD756-9598-43B2-A9B7-3840B5C20074}.Debug|Win32.Build.0 = Debug|Win32
		{FF9FD756-9598-43B2-A9B7-3840B5C20074}.Debug|x64.ActiveCfg = Debug|Win32
		{FF9FD756-9598-43B2-A9B7-3840B5C20074}.Debug|x86.ActiveCfg = Debug|Win32
		{FF9FD756-9598-43B2-A9B7-3840B5C20074}.Debug|x86.Build.0 = Debug|Win32
		{FF9FD756-9598-43B2-A9B7-3840B5C20074}.Release|Mixed Platforms.ActiveCfg = Release|Win32
		{FF9FD756-9598-43B2-A9B7-3840B5C20074}.Release|Mixed Platforms.Build.0 = Release|Win32
		{FF9FD756-9598-43B2-A9B7-3840B5C20074}.Release|Win32.ActiveCfg = Release|Win32
		{FF9FD756-9598-43B2-A9B7-3840B5C20074}.Release|Win32.Build.0 = Release|Win32
		{FF9FD756-9598-43B2-A9B7-3840B5C20074}.Release|x64.ActiveCfg = Release|Win32
		{FF9FD756-9598-43B2-A9B7-3840B5C20074}.Release|x86.ActiveCfg = Release|Win32
		{FF9FD756-9598-43B2-A9B7-3840B5C20074}.Release|x86.Build.0 = Release|Win32
		{EAD42232-E4A7-4507-8A64-DAF355D10A39}.Debug|Mixed Platforms.ActiveCfg = Debug|Win32
		{EAD42232-E4A7-4507-8A64-DAF355D10A39}.Debug|Mixed Platforms.Build.0 = Debug|Win32
		{EAD42232-E4A7-4507-8A64-DAF355D10A39}.Debug|Win32.ActiveCfg = Debug|Win32
		{EAD42232-E4A7-4507-8A64-DAF355D10A39}.Debug|Win32.Build.0 = Debug|Win32
		{EAD42232-E4A7-4507-8A64-DAF355D10A39}.Debug|x64.ActiveCfg = Debug|Win32
		{EAD42232-E4A7-4507-8A64-DAF355D10A39}.Debug|x86.ActiveCfg = Debug|Win32
		{EAD42232-E4A7-4507-8A64-DAF355D10A39}.Debug|x86.Build.0 = Debug|Win32
		{EAD42232-E4A7-4507-8A64-DAF355D10A39}.Release|Mixed Platforms.ActiveCfg = Release|Win32
		{EAD42232-E4A7-4507-8A64-DAF355D10A39}.Release|Mixed Platforms.Build.0 = Release|Win32
		{EAD42232-E4A7-4507-8A64-DAF355D10A39}.Release|Win32.ActiveCfg = Release|Win32
		{EAD42232-E4A7-4507-8A64-DAF355D10A39}.Release|Win32.Build.0 = Release|Win32
		{EAD42232-E4A7-4507-8A64-DAF355D10A39}.Release|x64.ActiveCfg = Release|Win32
		{EAD42232-E4A7-4507-8A64-DAF355D10A39}.Release|x86.ActiveCfg = Release|Win32
		{EAD42232-E4A7-4507-8A64-DAF355D10A39}.Release|x86.Build.0 = Release|Win32
		{9BF1EE11-EA83-4C7C-9180-3EE9E1E520DA}.Debug|Mixed Platforms.ActiveCfg = Debug|Win32
		{9BF1EE11-EA83-4C7C-9180-3EE9E1E520DA}.Debug|Mixed Platforms.Build.0 = Debug|Win32
		{9BF1EE11-EA83-4C7C-9180-3EE9E1E520DA}.Debug|Win32.ActiveCfg = Debug|Win32
		{9BF1EE11-EA83-4C7C-9180-3EE9E1E520DA}.Debug|Win32.Build.0 = Debug|Win32
		{9BF1EE11-EA83-4C7C-9180-3EE9E1E520DA}.Debug|x64.ActiveCfg = Debug|Win32
		{9BF1EE11-EA83-4C7C-9180-3EE9E1E520DA}.Debug|x86.ActiveCfg = Debug|Win32
		{9BF1EE11-EA83-4C7C-9180-3EE9E1E520DA}.Debug|x86.Build.0 = Debug|Win32
		{9BF1EE11-EA83-4C7C-9180-3EE9E1E520DA}.Release|Mixed Platforms.ActiveCfg = Release|Win32
		{9BF1EE11-EA83-4C7C-9180-3EE9E1E520DA}.Release|Mixed Platforms.Build.0 = Release|Win32
		{9BF1EE11-EA83-4C7C-9180-3EE9E1E520DA}.Release|Win32.ActiveCfg = Release|Win32
		{9BF1EE11-EA83-4C7C-9180-3EE9E1E520DA}.Release|Win32.Build.0 = Release|Win32
		{9BF1EE11-EA83-4C7C-9180-3EE9E1E520DA}.Release|x64.ActiveCfg = Release|Win32
		{9BF1EE11-EA83-4C7C-9180-3EE9E1E520DA}.Release|x86.ActiveCfg = Release|Win32
		{9BF1EE11-EA83-4C7C-9180-3EE9E1E520DA}.Release|x86.Build.0 = Release|Win32
		{D037825C-EB6B-40FB-9DDC-422C3F08FC58}.Debug|Mixed Platforms.ActiveCfg = Debug|Win32
		{D037825C-EB6B-40FB-9DDC-422C3F08FC58}.Debug|Mixed Platforms.Build.0 = Debug|Win32
		{D037825C-EB6B-40FB-9DDC-422C3F08FC58}.Debug|Win32.ActiveCfg = Debug|Win32
		{D037825C-EB6B-40FB-9DDC-422C3F08FC58}.Debug|Win32.Build.0 = Debug|Win32
		{D037825C-EB6B-40FB-9DDC-422C3F08FC58}.Debug|x64.ActiveCfg = Debug|Win32
		{D037825C-EB6B-40FB-9DDC-422C3F08FC58}.Debug|x86.ActiveCfg = Debug|Win32
		{D037825C-EB6B-40FB-9DDC-422C3F08FC58}.Debug|x86.Build.0 = Debug|Win32
		{D037825C-EB6B-40FB-9DDC-422C3F08FC58}.Release|Mixed Platforms.ActiveCfg = Release|Win32
		{D037825C-EB6B-40FB-9DDC-422C3F08FC58}.Release|Mixed Platforms.Build.0 = Release|Win32
		{D037825C-EB6B-40FB-9DDC-422C3F08FC58}.Release|Win32.ActiveCfg = Release|Win32
		{D037825C-EB6B-40FB-9DDC-422C3F08FC58}.Release|Win32.Build.0 = Release|Win32
		{D037825C-EB6B-40FB-9DDC-422C3F08FC58}.Release|x64.ActiveCfg = Release|Win32
		{D037825C-EB6B-40FB-9DDC-422C3F08FC58}.Release|x86.ActiveCfg = Release|Win32
		{D037825C-EB6B-40FB-9DDC-422C3F08FC58}.Release|x86.Build.0 = Release|Win32
		{88744E18-4D98-48D6-A5D7-D32E4BFCF2B1}.Debug|Mixed Platforms.ActiveCfg = Debug|Win32
		{88744E18-4D98-48D6-A5D7-D32E4BFCF2B1}.Debug|Mixed Platforms.Build.0 = Debug|Win32
		{88744E18-4D98-48D6-A5D7-D32E4BFCF2B1}.Debug|Win32.ActiveCfg = Debug|Win32
		{88744E18-4D98-48D6-A5D7-D32E4BFCF2B1}.Debug|Win32.Build.0 = Debug|Win32
		{88744E18-4D98-48D6-A5D7-D32E4BFCF2B1}.Debug|x64.ActiveCfg = Debug|Win32
		{88744E18-4D98-48D6-A5D7-D32E4BFCF2B1}.Debug|x86.ActiveCfg = Debug|Win32
		{88744E18-4D98-48D6-A5D7-D32E4BFCF2B1}.Debug|x86.Build.0 = Debug|Win32
		{88744E18-4D98-48D6-A5D7-D32E4BFCF2B1}.Release|Mixed Platforms.ActiveCfg = Release|Win32
		{88744E18-4D98-48D6-A5D7-D32E4BFCF2B1}.Release|Mixed Platforms.Build.0 = Release|Win32
		{88744E18-4D98-48D6-A5D7-D32E4BFCF2B1}.Release|Win32.ActiveCfg = Release|Win32
		{88744E18-4D98-48D6-A5D7-D32E4BFCF2B1}.Release|Win32.Build.0 = Release|Win32
		{88744E18-4D98-48D6-A5D7-D32E4BFCF2B1}.Release|x64.ActiveCfg = Release|Win32
		{88744E18-4D98-48D6-A5D7-D32E4BFCF2B1}.Release|x86.ActiveCfg = Release|Win32
		{88744E18-4D98-48D6-A5D7-D32E4BFCF2B1}.Release|x86.Build.0 = Release|Win32
		{6ED16149-79C6-4D7C-B338-39D826CCBE17}.Debug|Mixed Platforms.ActiveCfg = Debug|Win32
		{6ED16149-79C6-4D7C-B338-39D826CCBE17}.Debug|Mixed Platforms.Build.0 = Debug|Win32
		{6ED16149-79C6-4D7C-B338-39D826CCBE17}.Debug|Win32.ActiveCfg = Debug|Win32
		{6ED16149-79C6-4D7C-B338-39D826CCBE17}.Debug|Win32.Build.0 = Debug|Win32
		{6ED16149-79C6-4D7C-B338-39D826CCBE17}.Debug|x64.ActiveCfg = Debug|Win32
		{6ED16149-79C6-4D7C-B338-39D826CCBE17}.Debug|x86.ActiveCfg = Debug|Win32
		{6ED16149-79C6-4D7C-B338-39D826CCBE17}.Debug|x86.Build.0 = Debug|Win32
		{6ED16149-79C6-4D7C-B338-39D826CCBE17}.Release|Mixed Platforms.ActiveCfg = Release|Win32
		{6ED16149-79C6-4D7C-B338-39D826CCBE17}.Release|Mixed Platforms.Build.0 = Release|Win32
		{6ED16149-79C6-4D7C-B338-39D826CCBE17}.Release|Win32.ActiveCfg = Release|Win32
		{6ED16149-79C6-4D7C-B338-39D826CCBE17}.Release|Win32.Build.0 = Release|Win32
		{6ED16149-79C6-4D7C-B338-39D826CCBE17}.Release|x64.ActiveCfg = Release|Win32
		{6ED16149-79C6-4D7C-B338-39D826CCBE17}.Release|x86.ActiveCfg = Release|Win32
		{6ED16149-79C6-4D7C-B338-39D826CCBE17}.Release|x86.Build.0 = Release|Win32
		{5C29ED98-0F4A-4083-80E0-31CFA6CE72F9}.Debug|Mixed Platforms.ActiveCfg = Debug|Win32
		{5C29ED98-0F4A-4083-80E0-31CFA6CE72F9}.Debug|Mixed Platforms.Build.0 = Debug|Win32
		{5C29ED98-0F4A-4083-80E0-31CFA6CE72F9}.Debug|Win32.ActiveCfg = Debug|Win32
		{5C29ED98-0F4A-4083-80E0-31CFA6CE72F9}.Debug|Win32.Build.0 = Debug|Win32
		{5C29ED98-0F4A-4083-80E0-31CFA6CE72F9}.Debug|x64.ActiveCfg = Debug|Win32
		{5C29ED98-0F4A-4083-80E0-31CFA6CE72F9}.Debug|x86.ActiveCfg = Debug|Win32
		{5C29ED98-0F4A-4083-80E0-31CFA6CE72F9}.Debug|x86.Build.0 = Debug|Win32
		{5C29ED98-0F4A-4083-80E0-31CFA6CE72F9}.Release|Mixed Platforms.ActiveCfg = Release|Win32
		{5C29ED98-0F4A-4083-80E0-31CFA6CE72F9}.Release|Mixed Platforms.Build.0 = Release|Win32
		{5C29ED98-0F4A-4083-80E0-31CFA6CE72F9}.Release|Win32.ActiveCfg = Release|Win32
		{5C29ED98-0F4A-4083-80E0-31CFA6CE72F9}.Release|Win32.Build.0 = Release|Win32
		{5C29ED98-0F4A-4083-80E0-31CFA6CE72F9}.Release|x64.ActiveCfg = Release|Win32
		{5C29ED98-0F4A-4083-80E0-31CFA6CE72F9}.Release|x86.ActiveCfg = Release|Win32
		{5C29ED98-0F4A-4083-80E0-31CFA6CE72F9}.Release|x86.Build.0 = Release|Win32
		{0E88D8A3-C0FA-4B18-B62B-6E2C86F5FAB8}.Debug|Mixed Platforms.ActiveCfg = Debug|Win32
		{0E88D8A3-C0FA-4B18-B62B-6E2C86F5FAB8}.Debug|Mixed Platforms.Build.0 = Debug|Win32
		{0E88D8A3-C0FA-4B18-B62B-6E2C86F5FAB8}.Debug|Win32.ActiveCfg = Debug|Win32
		{0E88D8A3-C0FA-4B18-B62B-6E2C86F5FAB8}.Debug|Win32.Build.0 = Debug|Win32
		{0E88D8A3-C0FA-4B18-B62B-6E2C86F5FAB8}.Debug|x64.ActiveCfg = Debug|Win32
		{0E88D8A3-C0FA-4B18-B62B-6E2C86F5FAB8}.Debug|x86.ActiveCfg = Debug|Win32
		{0E88D8A3-C0FA-4B18-B62B-6E2C86F5FAB8}.Debug|x86.Build.0 = Debug|Win32
		{0E88D8A3-C0FA-4B18-B62B-6E2C86F5FAB8}.Release|Mixed Platforms.ActiveCfg = Release|Win32
		{0E88D8A3-C0FA-4B18-B62B-6E2C86F5FAB8}.Release|Mixed Platforms.Build.0 = Release|Win32
		{0E88D8A3-C0FA-4B18-B62B-6E2C86F5FAB8}.Release|Win32.ActiveCfg = Release|Win32
		{0E88D8A3-C0FA-4B18-B62B-6E2C86F5FAB8}.Release|Win32.Build.0 = Release|Win32
		{0E88D8A3-C0FA-4B18-B62B-6E2C86F5FAB8}.Release|x64.ActiveCfg = Release|Win32
		{0E88D8A3-C0FA-4B18-B62B-6E2C86F5FAB8}.Release|x86.ActiveCfg = Release|Win32
		{0E88D8A3-C0FA-4B18-B62B-6E2C86F5FAB8}.Release|x86.Build.0 = Release|Win32
		{036A49B9-087B-495F-9599-D60548F0F389}.Debug|Mixed Platforms.ActiveCfg = Debug|Win32
		{036A49B9-087B-495F-9599-D60548F0F389}.Debug|Mixed Platforms.Build.0 = Debug|Win32
		{036A49B9-087B-495F-9599-D60548F0F389}.Debug|Win32.ActiveCfg = Debug|Win32
		{036A49B9-087B-495F-9599-D60548F0F389}.Debug|Win32.Build.0 = Debug|Win32
		{036A49B9-087B-495F-9599-D60548F0F389}.Debug|x64.ActiveCfg = Debug|Win32
		{036A49B9-087B-495F-9599-D60548F0F389}.Debug|x86.ActiveCfg = Debug|Win32
		{036A49B9-087B-495F-9599-D60548F0F389}.Debug|x86.Build.0 = Debug|Win32
		{036A49B9-087B-495F-9599-D60548F0F389}.Release|Mixed Platforms.ActiveCfg = Release|Win32
		{036A49B9-087B-495F-9599-D60548F0F389}.Release|Mixed Platforms.Build.0 = Release|Win32
		{036A49B9-087B-495F-9599-D60548F0F389}.Release|Win32.ActiveCfg = Release|Win32
		{036A49B9-087B-495F-9599-D60548F0F389}.Release|Win32.Build.0 = Release|Win32
		{036A49B9-087B-495F-9599-D60548F0F389}.Release|x64.ActiveCfg = Release|Win32
		{036A49B9-087B-495F-9599-D60548F0F389}.Release|x86.ActiveCfg = Release|Win32
		{036A49B9-087B-495F-9599-D60548F0F389}.Release|x86.Build.0 = Release|Win32
		{A86B241D-E379-44D4-86BF-FBA16BB91A56}.Debug|Mixed Platforms.ActiveCfg = Debug|Win32
		{A86B241D-E379-44D4-86BF-FBA16BB91A56}.Debug|Mixed Platforms.Build.0 = Debug|Win32
		{A86B241D-E379-44D4-86BF-FBA16BB91A56}.Debug|Win32.ActiveCfg = Debug|Win32
		{A86B241D-E379-44D4-86BF-FBA16BB91A56}.Debug|Win32.Build.0 = Debug|Win32
		{A86B241D-E379-44D4-86BF-FBA16BB91A56}.Debug|x64.ActiveCfg = Debug|Win32
		{A86B241D-E379-44D4-86BF-FBA16BB91A56}.Debug|x86.ActiveCfg = Debug|Win32
		{A86B241D-E379-44D4-86BF-FBA16BB91A56}.Debug|x86.Build.0 = Debug|Win32
		{A86B241D-E379-44D4-86BF-FBA16BB91A56}.Release|Mixed Platforms.ActiveCfg = Release|Win32
		{A86B241D-E379-44D4-86BF-FBA16BB91A56}.Release|Mixed Platforms.Build.0 = Release|Win32
		{A86B241D-E379-44D4-86BF-FBA16BB91A56}.Release|Win32.ActiveCfg = Release|Win32
		{A86B241D-E379-44D4-86BF-FBA16BB91A56}.Release|Win32.Build.0 = Release|Win32
		{A86B241D-E379-44D4-86BF-FBA16BB91A56}.Release|x64.ActiveCfg = Release|Win32
		{A86B241D-E379-44D4-86BF-FBA16BB91A56}.Release|x86.ActiveCfg = Release|Win32
		{A86B241D-E379-44D4-86BF-FBA16BB91A56}.Release|x86.Build.0 = Release|Win32
		{6F3C3B60-3D2D-4DA7-A513-B9CFEEC62A74}.Debug|Mixed Platforms.ActiveCfg = Debug|Win32
		{6F3C3B60-3D2D-4DA7-A513-B9CFEEC62A74}.Debug|Mixed Platforms.Build.0 = Debug|Win32
		{6F3C3B60-3D2D-4DA7-A513-B9CFEEC62A74}.Debug|Win32.ActiveCfg = Debug|Win32
		{6F3C3B60-3D2D-4DA7-A513-B9CFEEC62A74}.Debug|Win32.Build.0 = Debug|Win32
		{6F3C3B60-3D2D-4DA7-A513-B9CFEEC62A74}.Debug|x64.ActiveCfg = Debug|Win32
		{6F3C3B60-3D2D-4DA7-A513-B9CFEEC62A74}.Debug|x86.ActiveCfg = Debug|Win32
		{6F3C3B60-3D2D-4DA7-A513-B9CFEEC62A74}.Debug|x86.Build.0 = Debug|Win32
		{6F3C3B60-3D2D-4DA7-A513-B9CFEEC62A74}.Release|Mixed Platforms.ActiveCfg = Release|Win32
		{6F3C3B60-3D2D-4DA7-A513-B9CFEEC62A74}.Release|Mixed Platforms.Build.0 = Release|Win32
		{6F3C3B60-3D2D-4DA7-A513-B9CFEEC62A74}.Release|Win32.ActiveCfg = Release|Win32
		{6F3C3B60-3D2D-4DA7-A513-B9CFEEC62A74}.Release|Win32.Build.0 = Release|Win32
		{6F3C3B60-3D2D-4DA7-A513-B9CFEEC62A74}.Release|x64.ActiveCfg = Release|Win32
		{6F3C3B60-3D2D-4DA7-A513-B9CFEEC62A74}.Release|x86.ActiveCfg = Release|Win32
		{6F3C3B60-3D2D-4DA7-A513-B9CFEEC62A74}.Release|x86.Build.0 = Release|Win32
		{8AE570AC-BE18-412C-94EA-D1C77CA12921}.Debug|Mixed Platforms.ActiveCfg = Debug|Win32
		{8AE570AC-BE18-412C-94EA-D1C77CA12921}.Debug|Mixed Platforms.Build.0 = Debug|Win32
		{8AE570AC-BE18-412C-94EA-D1C77CA12921}.Debug|Win32.ActiveCfg = Debug|Win32
		{8AE570AC-BE18-412C-94EA-D1C77CA12921}.Debug|Win32.Build.0 = Debug|Win32
		{8AE570AC-BE18-412C-94EA-D1C77CA12921}.Debug|x64.ActiveCfg = Debug|Win32
		{8AE570AC-BE18-412C-94EA-D1C77CA12921}.Debug|x86.ActiveCfg = Debug|Win32
		{8AE570AC-BE18-412C-94EA-D1C77CA12921}.Debug|x86.Build.0 = Debug|Win32
		{8AE570AC-BE18-412C-94EA-D1C77CA12921}.Release|Mixed Platforms.ActiveCfg = Release|Win32
		{8AE570AC-BE18-412C-94EA-D1C77CA12921}.Release|Mixed Platforms.Build.0 = Release|Win32
		{8AE570AC-BE18-412C-94EA-D1C77CA12921}.Release|Win32.ActiveCfg = Release|Win32
		{8AE570AC-BE18-412C-94EA-D1C77CA12921}.Release|Win32.Build.0 = Release|Win32
		{8AE570AC-BE18-412C-94EA-D1C77CA12921}.Release|x64.ActiveCfg = Release|Win32
		{8AE570AC-BE18-412C-94EA-D1C77CA12921}.Release|x86.ActiveCfg = Release|Win32
		{8AE570AC-BE18-412C-94EA-D1C77CA12921}.Release|x86.Build.0 = Release|Win32
		{8DDD7446-767F-4FE3-8314-09C6B0E2C775}.Debug|Mixed Platforms.ActiveCfg = Debug|Win32
		{8DDD7446-767F-4FE3-8314-09C6B0E2C775}.Debug|Mixed Platforms.Build.0 = Debug|Win32
		{8DDD7446-767F-4FE3-8314-09C6B0E2C775}.Debug|Win32.ActiveCfg = Debug|Win32
		{8DDD7446-767F-4FE3-8314-09C6B0E2C775}.Debug|Win32.Build.0 = Debug|Win32
		{8DDD7446-767F-4FE3-8314-09C6B0E2C775}.Debug|x64.ActiveCfg = Debug|Win32
		{8DDD7446-767F-4FE3-8314-09C6B0E2C775}.Debug|x86.ActiveCfg = Debug|Win32
		{8DDD7446-767F-4FE3-8314-09C6B0E2C775}.Debug|x86.Build.0 = Debug|Win32
		{8DDD7446-767F-4FE3-8314-09C6B0E2C775}.Release|Mixed Platforms.ActiveCfg = Release|Win32
		{8DDD7446-767F-4FE3-8314-09C6B0E2C775}.Release|Mixed Platforms.Build.0 = Release|Win32
		{8DDD7446-767F-4FE3-8314-09C6B0E2C775}.Release|Win32.ActiveCfg = Release|Win32
		{8DDD7446-767F-4FE3-8314-09C6B0E2C775}.Release|Win32.Build.0 = Release|Win32
		{8DDD7446-767F-4FE3-8314-09C6B0E2C775}.Release|x64.ActiveCfg = Release|Win32
		{8DDD7446-767F-4FE3-8314-09C6B0E2C775}.Release|x86.ActiveCfg = Release|Win32
		{8DDD7446-767F-4FE3-8314-09C6B0E2C775}.Release|x86.Build.0 = Release|Win32
		{C79BC726-23E1-4DD5-9E38-3E8E14F90A67}.Debug|Mixed Platforms.ActiveCfg = Debug|Win32
		{C79BC726-23E1-4DD5-9E38-3E8E14F90A67}.Debug|Mixed Platforms.Build.0 = Debug|Win32
		{C79BC726-23E1-4DD5-9E38-3E8E14F90A67}.Debug|Win32.ActiveCfg = Debug|Win32
		{C79BC726-23E1-4DD5-9E38-3E8E14F90A67}.Debug|Win32.Build.0 = Debug|Win32
		{C79BC726-23E1-4DD5-9E38-3E8E14F90A67}.Debug|x64.ActiveCfg = Debug|Win32
		{C79BC726-23E1-4DD5-9E38-3E8E14F90A67}.Debug|x86.ActiveCfg = Debug|Win32
		{C79BC726-23E1-4DD5-9E38-3E8E14F90A67}.Debug|x86.Build.0 = Debug|Win32
		{C79BC726-23E1-4DD5-9E38-3E8E14F90A67}.Release|Mixed Platforms.ActiveCfg = Release|Win32
		{C79BC726-23E1-4DD5-9E38-3E8E14F90A67}.Release|Mixed Platforms.Build.0 = Release|Win32
		{C79BC726-23E1-4DD5-9E38-3E8E14F90A67}.Release|Win32.ActiveCfg = Release|Win32
		{C79BC726-23E1-4DD5-9E38-3E8E14F90A67}.Release|Win32.Build.0 = Release|Win32
		{C79BC726-23E1-4DD5-9E38-3E8E14F90A67}.Release|x64.ActiveCfg = Release|Win32
		{C79BC726-23E1-4DD5-9E38-3E8E14F90A67}.Release|x86.ActiveCfg = Release|Win32
		{C79BC726-23E1-4DD5-9E38-3E8E14F90A67}.Release|x86.Build.0 = Release|Win32
		{9C609CC3-3CCA-4CCA-8715-5E1E665E057D}.Debug|Mixed Platforms.ActiveCfg = Debug|Win32
		{9C609CC3-3CCA-4CCA-8715-5E1E665E057D}.Debug|Mixed Platforms.Build.0 = Debug|Win32
		{9C609CC3-3CCA-4CCA-8715-5E1E665E057D}.Debug|Win32.ActiveCfg = Debug|Win32
		{9C609CC3-3CCA-4CCA-8715-5E1E665E057D}.Debug|Win32.Build.0 = Debug|Win32
		{9C609CC3-3CCA-4CCA-8715-5E1E665E057D}.Debug|x64.ActiveCfg = Debug|Win32
		{9C609CC3-3CCA-4CCA-8715-5E1E665E057D}.Debug|x86.ActiveCfg = Debug|Win32
		{9C609CC3-3CCA-4CCA-8715-5E1E665E057D}.Debug|x86.Build.0 = Debug|Win32
		{9C609CC3-3CCA-4CCA-8715-5E1E665E057D}.Release|Mixed Platforms.ActiveCfg = Release|Win32
		{9C609CC3-3CCA-4CCA-8715-5E1E665E057D}.Release|Mixed Platforms.Build.0 = Release|Win32
		{9C609CC3-3CCA-4CCA-8715-5E1E665E057D}.Release|Win32.ActiveCfg = Release|Win32
		{9C609CC3-3CCA-4CCA-8715-5E1E665E057D}.Release|Win32.Build.0 = Release|Win32
		{9C609CC3-3CCA-4CCA-8715-5E1E665E057D}.Release|x64.ActiveCfg = Release|Win32
		{9C609CC3-3CCA-4CCA-8715-5E1E665E057D}.Release|x86.ActiveCfg = Release|Win32
		{9C609CC3-3CCA-4CCA-8715-5E1E665E057D}.Release|x86.Build.0 = Release|Win32
	EndGlobalSection
	GlobalSection(SolutionProperties) = preSolution
		HideSolutionNode = FALSE
	EndGlobalSection
	GlobalSection(NestedProjects) = preSolution
		{8CE4D47D-538A-4032-9FBE-BE452FFCB26F} = {956F630E-94B9-412D-A1FF-19622C1D86F5}
		{02390496-1495-4BEC-B41E-379140109B34} = {3C076F29-EBEA-47B5-A338-4F412BF7E241}
		{08E45C28-F20A-4E08-A13E-A4F22E764EF7} = {77125608-7301-4C41-B94E-CB4FD7606731}
		{58760BF4-26C0-4D15-9FD6-D61DDD90C826} = {77125608-7301-4C41-B94E-CB4FD7606731}
		{02B64829-FE39-4B4B-856A-6EF52F08012C} = {77125608-7301-4C41-B94E-CB4FD7606731}
		{FDD3ACA5-645A-46C7-A505-F91163A5817F} = {D2B94805-9DBD-43D0-89B5-38C9B08F1EBD}
		{74A90654-9553-4063-895F-19229E4EA0D0} = {CD77E3AA-40BB-4B9E-B598-F706DF4F86EF}
		{4C770915-26CB-460C-9DB3-D36AA2E2FB1B} = {B59FDDDA-C4A5-4159-8F36-26784B2BE82E}
		{C507899F-E743-4CA3-BD47-D136FAAD40DF} = {99FA1806-1EED-473E-B649-EBEE6CAA5D29}
		{FF9FD756-9598-43B2-A9B7-3840B5C20074} = {7E45EB9F-C42B-4210-872B-A4199693661D}
		{9BF1EE11-EA83-4C7C-9180-3EE9E1E520DA} = {F33270CD-FBBB-40A3-A823-8CD78587A3A5}
		{88744E18-4D98-48D6-A5D7-D32E4BFCF2B1} = {BE08B115-446A-4BD9-8F52-4E51D6CFEEDB}
		{5C29ED98-0F4A-4083-80E0-31CFA6CE72F9} = {598A4CFB-E684-43FD-8E8A-D53C0D07A873}
		{036A49B9-087B-495F-9599-D60548F0F389} = {638278BA-6B05-45E5-8A30-E5925F0BE219}
		{6F3C3B60-3D2D-4DA7-A513-B9CFEEC62A74} = {26CCDA92-6222-46FD-B4C2-A487926BDBBD}
		{8DDD7446-767F-4FE3-8314-09C6B0E2C775} = {3F99FEDC-7285-4F43-978E-40FFDC3AEB54}
		{9C609CC3-3CCA-4CCA-8715-5E1E665E057D} = {B7A47936-CB74-43C5-9792-5424A35F36C5}
	EndGlobalSection
	GlobalSection(ExtensibilityGlobals) = postSolution
		SolutionGuid = {0DBCB813-A35E-4317-8309-2C8659C9A4AB}
	EndGlobalSection
EndGlobal
